// !$*UTF8*$!
{
	archiveVersion = 1;
	classes = {
	};
	objectVersion = 55;
	objects = {

/* Begin PBXBuildFile section */
		3A3B9A6E27F9026B00D7AA21 /* waitingChats.json in Resources */ = {isa = PBXBuildFile; fileRef = 3A49FC4327F82EF7009C5CB6 /* waitingChats.json */; };
		3A3B9A6F27F9027200D7AA21 /* activeChats.json in Resources */ = {isa = PBXBuildFile; fileRef = 3A49FC4227F82EF7009C5CB6 /* activeChats.json */; };
		3A49FC3627F638FB009C5CB6 /* MainTabBarController.swift in Sources */ = {isa = PBXBuildFile; fileRef = 3A49FC3527F638FB009C5CB6 /* MainTabBarController.swift */; };
		3A49FC3827F6397A009C5CB6 /* ListViewController.swift in Sources */ = {isa = PBXBuildFile; fileRef = 3A49FC3727F6397A009C5CB6 /* ListViewController.swift */; };
		3A49FC3A27F63995009C5CB6 /* PeopleViewController.swift in Sources */ = {isa = PBXBuildFile; fileRef = 3A49FC3927F63995009C5CB6 /* PeopleViewController.swift */; };
		3A5CE5D627F5044300669AC4 /* SetupProfileViewController.swift in Sources */ = {isa = PBXBuildFile; fileRef = 3A5CE5D527F5044300669AC4 /* SetupProfileViewController.swift */; };
		3A5CE5D827F5074200669AC4 /* AddPhotoView.swift in Sources */ = {isa = PBXBuildFile; fileRef = 3A5CE5D727F5074200669AC4 /* AddPhotoView.swift */; };
		3A5CE5DA27F5102000669AC4 /* SegmentedControl + extention.swift in Sources */ = {isa = PBXBuildFile; fileRef = 3A5CE5D927F5102000669AC4 /* SegmentedControl + extention.swift */; };
		3A9BCAA827F908AF00C64A12 /* ActiveChatCell.swift in Sources */ = {isa = PBXBuildFile; fileRef = 3A9BCAA727F908AF00C64A12 /* ActiveChatCell.swift */; };
		3A9BCAAA27F91B2700C64A12 /* Assets.xcassets in Resources */ = {isa = PBXBuildFile; fileRef = 3A3B9A7227F9047A00D7AA21 /* Assets.xcassets */; };
		3A9BCAAC27F91BF100C64A12 /* GradientView.swift in Sources */ = {isa = PBXBuildFile; fileRef = 3A9BCAAB27F91BF100C64A12 /* GradientView.swift */; };
		3AF7C92E27F85A690038B152 /* ModelData.swift in Sources */ = {isa = PBXBuildFile; fileRef = 3AF7C92D27F85A690038B152 /* ModelData.swift */; };
		3AF7C93027F862410038B152 /* Bundle - Decodable.swift in Sources */ = {isa = PBXBuildFile; fileRef = 3AF7C92F27F862410038B152 /* Bundle - Decodable.swift */; };
		3AF9C7F427F23CF900197244 /* AppDelegate.swift in Sources */ = {isa = PBXBuildFile; fileRef = 3AF9C7F327F23CF900197244 /* AppDelegate.swift */; };
		3AF9C7F627F23CF900197244 /* SceneDelegate.swift in Sources */ = {isa = PBXBuildFile; fileRef = 3AF9C7F527F23CF900197244 /* SceneDelegate.swift */; };
		3AF9C7F827F23CF900197244 /* AuthViewController.swift in Sources */ = {isa = PBXBuildFile; fileRef = 3AF9C7F727F23CF900197244 /* AuthViewController.swift */; };
		3AF9C80027F23CFC00197244 /* LaunchScreen.storyboard in Resources */ = {isa = PBXBuildFile; fileRef = 3AF9C7FE27F23CFC00197244 /* LaunchScreen.storyboard */; };
		3AF9C80A27F248BD00197244 /* UIButton + extension.swift in Sources */ = {isa = PBXBuildFile; fileRef = 3AF9C80927F248BD00197244 /* UIButton + extension.swift */; };
		3AF9C80C27F24C9E00197244 /* UIFont + extension.swift in Sources */ = {isa = PBXBuildFile; fileRef = 3AF9C80B27F24C9E00197244 /* UIFont + extension.swift */; };
		3AF9C80E27F24DE800197244 /* UIColor + extension.swift in Sources */ = {isa = PBXBuildFile; fileRef = 3AF9C80D27F24DE800197244 /* UIColor + extension.swift */; };
		3AF9C81027F2527300197244 /* UILabel + extension.swift in Sources */ = {isa = PBXBuildFile; fileRef = 3AF9C80F27F2527300197244 /* UILabel + extension.swift */; };
		3AF9C81227F2546200197244 /* UIImageView + extension.swift in Sources */ = {isa = PBXBuildFile; fileRef = 3AF9C81127F2546200197244 /* UIImageView + extension.swift */; };
		3AF9C81627F257CD00197244 /* buttonFormView.swift in Sources */ = {isa = PBXBuildFile; fileRef = 3AF9C81527F257CD00197244 /* buttonFormView.swift */; };
		3AF9C81827F25F3C00197244 /* UIStackView + extension.swift in Sources */ = {isa = PBXBuildFile; fileRef = 3AF9C81727F25F3C00197244 /* UIStackView + extension.swift */; };
		3AF9C81A27F2634300197244 /* SignUpViewController.swift in Sources */ = {isa = PBXBuildFile; fileRef = 3AF9C81927F2634300197244 /* SignUpViewController.swift */; };
		3AF9C81C27F267BE00197244 /* OneLineTextField.swift in Sources */ = {isa = PBXBuildFile; fileRef = 3AF9C81B27F267BE00197244 /* OneLineTextField.swift */; };
		3AF9C81E27F3A76600197244 /* LoginViewController.swift in Sources */ = {isa = PBXBuildFile; fileRef = 3AF9C81D27F3A76600197244 /* LoginViewController.swift */; };
/* End PBXBuildFile section */

/* Begin PBXFileReference section */
		3A3B9A7227F9047A00D7AA21 /* Assets.xcassets */ = {isa = PBXFileReference; lastKnownFileType = folder.assetcatalog; path = Assets.xcassets; sourceTree = "<group>"; };
		3A49FC3527F638FB009C5CB6 /* MainTabBarController.swift */ = {isa = PBXFileReference; lastKnownFileType = sourcecode.swift; path = MainTabBarController.swift; sourceTree = "<group>"; };
		3A49FC3727F6397A009C5CB6 /* ListViewController.swift */ = {isa = PBXFileReference; lastKnownFileType = sourcecode.swift; path = ListViewController.swift; sourceTree = "<group>"; };
		3A49FC3927F63995009C5CB6 /* PeopleViewController.swift */ = {isa = PBXFileReference; lastKnownFileType = sourcecode.swift; path = PeopleViewController.swift; sourceTree = "<group>"; };
		3A49FC4227F82EF7009C5CB6 /* activeChats.json */ = {isa = PBXFileReference; lastKnownFileType = text.json; path = activeChats.json; sourceTree = "<group>"; };
		3A49FC4327F82EF7009C5CB6 /* waitingChats.json */ = {isa = PBXFileReference; lastKnownFileType = text.json; path = waitingChats.json; sourceTree = "<group>"; };
		3A5CE5D527F5044300669AC4 /* SetupProfileViewController.swift */ = {isa = PBXFileReference; lastKnownFileType = sourcecode.swift; path = SetupProfileViewController.swift; sourceTree = "<group>"; };
		3A5CE5D727F5074200669AC4 /* AddPhotoView.swift */ = {isa = PBXFileReference; lastKnownFileType = sourcecode.swift; path = AddPhotoView.swift; sourceTree = "<group>"; };
		3A5CE5D927F5102000669AC4 /* SegmentedControl + extention.swift */ = {isa = PBXFileReference; lastKnownFileType = sourcecode.swift; path = "SegmentedControl + extention.swift"; sourceTree = "<group>"; };
		3A9BCAA727F908AF00C64A12 /* ActiveChatCell.swift */ = {isa = PBXFileReference; lastKnownFileType = sourcecode.swift; path = ActiveChatCell.swift; sourceTree = "<group>"; };
		3A9BCAAB27F91BF100C64A12 /* GradientView.swift */ = {isa = PBXFileReference; lastKnownFileType = sourcecode.swift; path = GradientView.swift; sourceTree = "<group>"; };
		3AF7C92D27F85A690038B152 /* ModelData.swift */ = {isa = PBXFileReference; lastKnownFileType = sourcecode.swift; path = ModelData.swift; sourceTree = "<group>"; };
		3AF7C92F27F862410038B152 /* Bundle - Decodable.swift */ = {isa = PBXFileReference; lastKnownFileType = sourcecode.swift; path = "Bundle - Decodable.swift"; sourceTree = "<group>"; };
		3AF9C7F027F23CF900197244 /* Chat.app */ = {isa = PBXFileReference; explicitFileType = wrapper.application; includeInIndex = 0; path = Chat.app; sourceTree = BUILT_PRODUCTS_DIR; };
		3AF9C7F327F23CF900197244 /* AppDelegate.swift */ = {isa = PBXFileReference; lastKnownFileType = sourcecode.swift; path = AppDelegate.swift; sourceTree = "<group>"; };
		3AF9C7F527F23CF900197244 /* SceneDelegate.swift */ = {isa = PBXFileReference; lastKnownFileType = sourcecode.swift; path = SceneDelegate.swift; sourceTree = "<group>"; };
		3AF9C7F727F23CF900197244 /* AuthViewController.swift */ = {isa = PBXFileReference; lastKnownFileType = sourcecode.swift; path = AuthViewController.swift; sourceTree = "<group>"; };
		3AF9C7FF27F23CFC00197244 /* Base */ = {isa = PBXFileReference; lastKnownFileType = file.storyboard; name = Base; path = Base.lproj/LaunchScreen.storyboard; sourceTree = "<group>"; };
		3AF9C80127F23CFC00197244 /* Info.plist */ = {isa = PBXFileReference; lastKnownFileType = text.plist.xml; path = Info.plist; sourceTree = "<group>"; };
		3AF9C80927F248BD00197244 /* UIButton + extension.swift */ = {isa = PBXFileReference; lastKnownFileType = sourcecode.swift; path = "UIButton + extension.swift"; sourceTree = "<group>"; };
		3AF9C80B27F24C9E00197244 /* UIFont + extension.swift */ = {isa = PBXFileReference; lastKnownFileType = sourcecode.swift; path = "UIFont + extension.swift"; sourceTree = "<group>"; };
		3AF9C80D27F24DE800197244 /* UIColor + extension.swift */ = {isa = PBXFileReference; lastKnownFileType = sourcecode.swift; path = "UIColor + extension.swift"; sourceTree = "<group>"; };
		3AF9C80F27F2527300197244 /* UILabel + extension.swift */ = {isa = PBXFileReference; lastKnownFileType = sourcecode.swift; path = "UILabel + extension.swift"; sourceTree = "<group>"; };
		3AF9C81127F2546200197244 /* UIImageView + extension.swift */ = {isa = PBXFileReference; lastKnownFileType = sourcecode.swift; path = "UIImageView + extension.swift"; sourceTree = "<group>"; };
		3AF9C81527F257CD00197244 /* buttonFormView.swift */ = {isa = PBXFileReference; lastKnownFileType = sourcecode.swift; path = buttonFormView.swift; sourceTree = "<group>"; };
		3AF9C81727F25F3C00197244 /* UIStackView + extension.swift */ = {isa = PBXFileReference; lastKnownFileType = sourcecode.swift; path = "UIStackView + extension.swift"; sourceTree = "<group>"; };
		3AF9C81927F2634300197244 /* SignUpViewController.swift */ = {isa = PBXFileReference; lastKnownFileType = sourcecode.swift; path = SignUpViewController.swift; sourceTree = "<group>"; };
		3AF9C81B27F267BE00197244 /* OneLineTextField.swift */ = {isa = PBXFileReference; lastKnownFileType = sourcecode.swift; path = OneLineTextField.swift; sourceTree = "<group>"; };
		3AF9C81D27F3A76600197244 /* LoginViewController.swift */ = {isa = PBXFileReference; lastKnownFileType = sourcecode.swift; path = LoginViewController.swift; sourceTree = "<group>"; };
/* End PBXFileReference section */

/* Begin PBXFrameworksBuildPhase section */
		3AF9C7ED27F23CF900197244 /* Frameworks */ = {
			isa = PBXFrameworksBuildPhase;
			buildActionMask = 2147483647;
			files = (
			);
			runOnlyForDeploymentPostprocessing = 0;
		};
/* End PBXFrameworksBuildPhase section */

/* Begin PBXGroup section */
		3A3B9A7027F903A000D7AA21 /* Model */ = {
			isa = PBXGroup;
			children = (
				3AF7C92D27F85A690038B152 /* ModelData.swift */,
				3A49FC4227F82EF7009C5CB6 /* activeChats.json */,
				3A49FC4327F82EF7009C5CB6 /* waitingChats.json */,
			);
			path = Model;
			sourceTree = "<group>";
		};
		3A3B9A7127F9045B00D7AA21 /* Support files */ = {
			isa = PBXGroup;
			children = (
				3AF9C7F327F23CF900197244 /* AppDelegate.swift */,
				3AF9C7F527F23CF900197244 /* SceneDelegate.swift */,
				3A3B9A7227F9047A00D7AA21 /* Assets.xcassets */,
				3AF9C7FE27F23CFC00197244 /* LaunchScreen.storyboard */,
				3AF9C80127F23CFC00197244 /* Info.plist */,
			);
			path = "Support files";
			sourceTree = "<group>";
		};
		3A49FC3427F63888009C5CB6 /* SignIn&Auth VC */ = {
			isa = PBXGroup;
			children = (
				3AF9C7F727F23CF900197244 /* AuthViewController.swift */,
				3AF9C81D27F3A76600197244 /* LoginViewController.swift */,
				3AF9C81927F2634300197244 /* SignUpViewController.swift */,
				3A5CE5D527F5044300669AC4 /* SetupProfileViewController.swift */,
			);
			path = "SignIn&Auth VC";
			sourceTree = "<group>";
		};
		3A49FC3B27F63A75009C5CB6 /* Controllers */ = {
			isa = PBXGroup;
			children = (
				3A49FC3527F638FB009C5CB6 /* MainTabBarController.swift */,
				3A49FC3727F6397A009C5CB6 /* ListViewController.swift */,
				3A49FC3927F63995009C5CB6 /* PeopleViewController.swift */,
				3A9BCAA927F908C600C64A12 /* Cell */,
			);
			path = Controllers;
			sourceTree = "<group>";
		};
		3A9BCAA927F908C600C64A12 /* Cell */ = {
			isa = PBXGroup;
			children = (
				3A9BCAA727F908AF00C64A12 /* ActiveChatCell.swift */,
			);
			path = Cell;
			sourceTree = "<group>";
		};
		3AF9C7E727F23CF800197244 = {
			isa = PBXGroup;
			children = (
				3AF9C7F227F23CF900197244 /* Chat */,
				3AF9C7F127F23CF900197244 /* Products */,
			);
			sourceTree = "<group>";
		};
		3AF9C7F127F23CF900197244 /* Products */ = {
			isa = PBXGroup;
			children = (
				3AF9C7F027F23CF900197244 /* Chat.app */,
			);
			name = Products;
			sourceTree = "<group>";
		};
		3AF9C7F227F23CF900197244 /* Chat */ = {
			isa = PBXGroup;
			children = (
				3A3B9A7127F9045B00D7AA21 /* Support files */,
				3A3B9A7027F903A000D7AA21 /* Model */,
				3A49FC3B27F63A75009C5CB6 /* Controllers */,
				3AF9C81427F255EE00197244 /* Extension */,
				3A49FC3427F63888009C5CB6 /* SignIn&Auth VC */,
			);
			path = Chat;
			sourceTree = "<group>";
		};
		3AF9C81327F255D500197244 /* UIKit */ = {
			isa = PBXGroup;
			children = (
				3AF9C81727F25F3C00197244 /* UIStackView + extension.swift */,
				3AF9C80927F248BD00197244 /* UIButton + extension.swift */,
				3AF9C80B27F24C9E00197244 /* UIFont + extension.swift */,
				3A5CE5D927F5102000669AC4 /* SegmentedControl + extention.swift */,
				3AF9C80F27F2527300197244 /* UILabel + extension.swift */,
				3AF9C81127F2546200197244 /* UIImageView + extension.swift */,
				3AF9C80D27F24DE800197244 /* UIColor + extension.swift */,
			);
			path = UIKit;
			sourceTree = "<group>";
		};
		3AF9C81427F255EE00197244 /* Extension */ = {
			isa = PBXGroup;
			children = (
				3A5CE5D727F5074200669AC4 /* AddPhotoView.swift */,
				3AF9C81527F257CD00197244 /* buttonFormView.swift */,
				3AF9C81B27F267BE00197244 /* OneLineTextField.swift */,
				3A9BCAAB27F91BF100C64A12 /* GradientView.swift */,
				3AF7C92F27F862410038B152 /* Bundle - Decodable.swift */,
				3AF9C81327F255D500197244 /* UIKit */,
			);
			path = Extension;
			sourceTree = "<group>";
		};
/* End PBXGroup section */

/* Begin PBXNativeTarget section */
		3AF9C7EF27F23CF900197244 /* Chat */ = {
			isa = PBXNativeTarget;
			buildConfigurationList = 3AF9C80427F23CFD00197244 /* Build configuration list for PBXNativeTarget "Chat" */;
			buildPhases = (
				3AF9C7EC27F23CF900197244 /* Sources */,
				3AF9C7ED27F23CF900197244 /* Frameworks */,
				3AF9C7EE27F23CF900197244 /* Resources */,
			);
			buildRules = (
			);
			dependencies = (
			);
			name = Chat;
			productName = Chat;
			productReference = 3AF9C7F027F23CF900197244 /* Chat.app */;
			productType = "com.apple.product-type.application";
		};
/* End PBXNativeTarget section */

/* Begin PBXProject section */
		3AF9C7E827F23CF800197244 /* Project object */ = {
			isa = PBXProject;
			attributes = {
				BuildIndependentTargetsInParallel = 1;
				LastSwiftUpdateCheck = 1330;
				LastUpgradeCheck = 1330;
				TargetAttributes = {
					3AF9C7EF27F23CF900197244 = {
						CreatedOnToolsVersion = 13.3;
					};
				};
			};
			buildConfigurationList = 3AF9C7EB27F23CF800197244 /* Build configuration list for PBXProject "Chat" */;
			compatibilityVersion = "Xcode 13.0";
			developmentRegion = en;
			hasScannedForEncodings = 0;
			knownRegions = (
				en,
				Base,
			);
			mainGroup = 3AF9C7E727F23CF800197244;
			productRefGroup = 3AF9C7F127F23CF900197244 /* Products */;
			projectDirPath = "";
			projectRoot = "";
			targets = (
				3AF9C7EF27F23CF900197244 /* Chat */,
			);
		};
/* End PBXProject section */

/* Begin PBXResourcesBuildPhase section */
		3AF9C7EE27F23CF900197244 /* Resources */ = {
			isa = PBXResourcesBuildPhase;
			buildActionMask = 2147483647;
			files = (
				3A9BCAAA27F91B2700C64A12 /* Assets.xcassets in Resources */,
				3A3B9A6F27F9027200D7AA21 /* activeChats.json in Resources */,
				3A3B9A6E27F9026B00D7AA21 /* waitingChats.json in Resources */,
				3AF9C80027F23CFC00197244 /* LaunchScreen.storyboard in Resources */,
			);
			runOnlyForDeploymentPostprocessing = 0;
		};
/* End PBXResourcesBuildPhase section */

/* Begin PBXSourcesBuildPhase section */
		3AF9C7EC27F23CF900197244 /* Sources */ = {
			isa = PBXSourcesBuildPhase;
			buildActionMask = 2147483647;
			files = (
				3AF9C81C27F267BE00197244 /* OneLineTextField.swift in Sources */,
				3A9BCAAC27F91BF100C64A12 /* GradientView.swift in Sources */,
				3AF9C81A27F2634300197244 /* SignUpViewController.swift in Sources */,
				3AF9C7F827F23CF900197244 /* AuthViewController.swift in Sources */,
				3AF9C80C27F24C9E00197244 /* UIFont + extension.swift in Sources */,
				3A5CE5D627F5044300669AC4 /* SetupProfileViewController.swift in Sources */,
				3A49FC3A27F63995009C5CB6 /* PeopleViewController.swift in Sources */,
				3AF9C7F427F23CF900197244 /* AppDelegate.swift in Sources */,
				3AF9C81027F2527300197244 /* UILabel + extension.swift in Sources */,
				3A5CE5D827F5074200669AC4 /* AddPhotoView.swift in Sources */,
				3AF9C81627F257CD00197244 /* buttonFormView.swift in Sources */,
				3AF9C81227F2546200197244 /* UIImageView + extension.swift in Sources */,
				3AF9C80E27F24DE800197244 /* UIColor + extension.swift in Sources */,
				3AF9C81827F25F3C00197244 /* UIStackView + extension.swift in Sources */,
				3AF7C93027F862410038B152 /* Bundle - Decodable.swift in Sources */,
				3AF9C80A27F248BD00197244 /* UIButton + extension.swift in Sources */,
				3AF9C81E27F3A76600197244 /* LoginViewController.swift in Sources */,
				3A49FC3827F6397A009C5CB6 /* ListViewController.swift in Sources */,
				3AF9C7F627F23CF900197244 /* SceneDelegate.swift in Sources */,
				3AF7C92E27F85A690038B152 /* ModelData.swift in Sources */,
				3A9BCAA827F908AF00C64A12 /* ActiveChatCell.swift in Sources */,
				3A5CE5DA27F5102000669AC4 /* SegmentedControl + extention.swift in Sources */,
				3A49FC3627F638FB009C5CB6 /* MainTabBarController.swift in Sources */,
			);
			runOnlyForDeploymentPostprocessing = 0;
		};
/* End PBXSourcesBuildPhase section */

/* Begin PBXVariantGroup section */
		3AF9C7FE27F23CFC00197244 /* LaunchScreen.storyboard */ = {
			isa = PBXVariantGroup;
			children = (
				3AF9C7FF27F23CFC00197244 /* Base */,
			);
			name = LaunchScreen.storyboard;
			sourceTree = "<group>";
		};
/* End PBXVariantGroup section */

/* Begin XCBuildConfiguration section */
		3AF9C80227F23CFC00197244 /* Debug */ = {
			isa = XCBuildConfiguration;
			buildSettings = {
				ALWAYS_SEARCH_USER_PATHS = NO;
				CLANG_ANALYZER_NONNULL = YES;
				CLANG_ANALYZER_NUMBER_OBJECT_CONVERSION = YES_AGGRESSIVE;
				CLANG_CXX_LANGUAGE_STANDARD = "gnu++17";
				CLANG_ENABLE_MODULES = YES;
				CLANG_ENABLE_OBJC_ARC = YES;
				CLANG_ENABLE_OBJC_WEAK = YES;
				CLANG_WARN_BLOCK_CAPTURE_AUTORELEASING = YES;
				CLANG_WARN_BOOL_CONVERSION = YES;
				CLANG_WARN_COMMA = YES;
				CLANG_WARN_CONSTANT_CONVERSION = YES;
				CLANG_WARN_DEPRECATED_OBJC_IMPLEMENTATIONS = YES;
				CLANG_WARN_DIRECT_OBJC_ISA_USAGE = YES_ERROR;
				CLANG_WARN_DOCUMENTATION_COMMENTS = YES;
				CLANG_WARN_EMPTY_BODY = YES;
				CLANG_WARN_ENUM_CONVERSION = YES;
				CLANG_WARN_INFINITE_RECURSION = YES;
				CLANG_WARN_INT_CONVERSION = YES;
				CLANG_WARN_NON_LITERAL_NULL_CONVERSION = YES;
				CLANG_WARN_OBJC_IMPLICIT_RETAIN_SELF = YES;
				CLANG_WARN_OBJC_LITERAL_CONVERSION = YES;
				CLANG_WARN_OBJC_ROOT_CLASS = YES_ERROR;
				CLANG_WARN_QUOTED_INCLUDE_IN_FRAMEWORK_HEADER = YES;
				CLANG_WARN_RANGE_LOOP_ANALYSIS = YES;
				CLANG_WARN_STRICT_PROTOTYPES = YES;
				CLANG_WARN_SUSPICIOUS_MOVE = YES;
				CLANG_WARN_UNGUARDED_AVAILABILITY = YES_AGGRESSIVE;
				CLANG_WARN_UNREACHABLE_CODE = YES;
				CLANG_WARN__DUPLICATE_METHOD_MATCH = YES;
				COPY_PHASE_STRIP = NO;
				DEBUG_INFORMATION_FORMAT = dwarf;
				ENABLE_STRICT_OBJC_MSGSEND = YES;
				ENABLE_TESTABILITY = YES;
				GCC_C_LANGUAGE_STANDARD = gnu11;
				GCC_DYNAMIC_NO_PIC = NO;
				GCC_NO_COMMON_BLOCKS = YES;
				GCC_OPTIMIZATION_LEVEL = 0;
				GCC_PREPROCESSOR_DEFINITIONS = (
					"DEBUG=1",
					"$(inherited)",
				);
				GCC_WARN_64_TO_32_BIT_CONVERSION = YES;
				GCC_WARN_ABOUT_RETURN_TYPE = YES_ERROR;
				GCC_WARN_UNDECLARED_SELECTOR = YES;
				GCC_WARN_UNINITIALIZED_AUTOS = YES_AGGRESSIVE;
				GCC_WARN_UNUSED_FUNCTION = YES;
				GCC_WARN_UNUSED_VARIABLE = YES;
				IPHONEOS_DEPLOYMENT_TARGET = 15.4;
				MTL_ENABLE_DEBUG_INFO = INCLUDE_SOURCE;
				MTL_FAST_MATH = YES;
				ONLY_ACTIVE_ARCH = YES;
				SDKROOT = iphoneos;
				SWIFT_ACTIVE_COMPILATION_CONDITIONS = DEBUG;
				SWIFT_OPTIMIZATION_LEVEL = "-Onone";
			};
			name = Debug;
		};
		3AF9C80327F23CFC00197244 /* Release */ = {
			isa = XCBuildConfiguration;
			buildSettings = {
				ALWAYS_SEARCH_USER_PATHS = NO;
				CLANG_ANALYZER_NONNULL = YES;
				CLANG_ANALYZER_NUMBER_OBJECT_CONVERSION = YES_AGGRESSIVE;
				CLANG_CXX_LANGUAGE_STANDARD = "gnu++17";
				CLANG_ENABLE_MODULES = YES;
				CLANG_ENABLE_OBJC_ARC = YES;
				CLANG_ENABLE_OBJC_WEAK = YES;
				CLANG_WARN_BLOCK_CAPTURE_AUTORELEASING = YES;
				CLANG_WARN_BOOL_CONVERSION = YES;
				CLANG_WARN_COMMA = YES;
				CLANG_WARN_CONSTANT_CONVERSION = YES;
				CLANG_WARN_DEPRECATED_OBJC_IMPLEMENTATIONS = YES;
				CLANG_WARN_DIRECT_OBJC_ISA_USAGE = YES_ERROR;
				CLANG_WARN_DOCUMENTATION_COMMENTS = YES;
				CLANG_WARN_EMPTY_BODY = YES;
				CLANG_WARN_ENUM_CONVERSION = YES;
				CLANG_WARN_INFINITE_RECURSION = YES;
				CLANG_WARN_INT_CONVERSION = YES;
				CLANG_WARN_NON_LITERAL_NULL_CONVERSION = YES;
				CLANG_WARN_OBJC_IMPLICIT_RETAIN_SELF = YES;
				CLANG_WARN_OBJC_LITERAL_CONVERSION = YES;
				CLANG_WARN_OBJC_ROOT_CLASS = YES_ERROR;
				CLANG_WARN_QUOTED_INCLUDE_IN_FRAMEWORK_HEADER = YES;
				CLANG_WARN_RANGE_LOOP_ANALYSIS = YES;
				CLANG_WARN_STRICT_PROTOTYPES = YES;
				CLANG_WARN_SUSPICIOUS_MOVE = YES;
				CLANG_WARN_UNGUARDED_AVAILABILITY = YES_AGGRESSIVE;
				CLANG_WARN_UNREACHABLE_CODE = YES;
				CLANG_WARN__DUPLICATE_METHOD_MATCH = YES;
				COPY_PHASE_STRIP = NO;
				DEBUG_INFORMATION_FORMAT = "dwarf-with-dsym";
				ENABLE_NS_ASSERTIONS = NO;
				ENABLE_STRICT_OBJC_MSGSEND = YES;
				GCC_C_LANGUAGE_STANDARD = gnu11;
				GCC_NO_COMMON_BLOCKS = YES;
				GCC_WARN_64_TO_32_BIT_CONVERSION = YES;
				GCC_WARN_ABOUT_RETURN_TYPE = YES_ERROR;
				GCC_WARN_UNDECLARED_SELECTOR = YES;
				GCC_WARN_UNINITIALIZED_AUTOS = YES_AGGRESSIVE;
				GCC_WARN_UNUSED_FUNCTION = YES;
				GCC_WARN_UNUSED_VARIABLE = YES;
				IPHONEOS_DEPLOYMENT_TARGET = 15.4;
				MTL_ENABLE_DEBUG_INFO = NO;
				MTL_FAST_MATH = YES;
				SDKROOT = iphoneos;
				SWIFT_COMPILATION_MODE = wholemodule;
				SWIFT_OPTIMIZATION_LEVEL = "-O";
				VALIDATE_PRODUCT = YES;
			};
			name = Release;
		};
		3AF9C80527F23CFD00197244 /* Debug */ = {
			isa = XCBuildConfiguration;
			buildSettings = {
				ASSETCATALOG_COMPILER_APPICON_NAME = AppIcon;
				ASSETCATALOG_COMPILER_GLOBAL_ACCENT_COLOR_NAME = AccentColor;
				CODE_SIGN_STYLE = Automatic;
				CURRENT_PROJECT_VERSION = 1;
				DEVELOPMENT_TEAM = H6Q7NMAZAW;
				GENERATE_INFOPLIST_FILE = YES;
				INFOPLIST_FILE = "Chat/Support files/Info.plist";
				INFOPLIST_KEY_UIApplicationSupportsIndirectInputEvents = YES;
				INFOPLIST_KEY_UILaunchStoryboardName = LaunchScreen;
				INFOPLIST_KEY_UISupportedInterfaceOrientations = "UIInterfaceOrientationPortrait UIInterfaceOrientationLandscapeLeft UIInterfaceOrientationLandscapeRight";
				INFOPLIST_KEY_UISupportedInterfaceOrientations_iPad = "UIInterfaceOrientationPortrait UIInterfaceOrientationPortraitUpsideDown UIInterfaceOrientationLandscapeLeft UIInterfaceOrientationLandscapeRight";
				INFOPLIST_KEY_UISupportedInterfaceOrientations_iPhone = "UIInterfaceOrientationPortrait UIInterfaceOrientationLandscapeLeft UIInterfaceOrientationLandscapeRight";
				LD_RUNPATH_SEARCH_PATHS = (
					"$(inherited)",
					"@executable_path/Frameworks",
				);
				MARKETING_VERSION = 1.0;
				PRODUCT_BUNDLE_IDENTIFIER = Anton.Prokopev.Chat;
				PRODUCT_NAME = "$(TARGET_NAME)";
				SWIFT_EMIT_LOC_STRINGS = YES;
				SWIFT_VERSION = 5.0;
				TARGETED_DEVICE_FAMILY = "1,2";
			};
			name = Debug;
		};
		3AF9C80627F23CFD00197244 /* Release */ = {
			isa = XCBuildConfiguration;
			buildSettings = {
				ASSETCATALOG_COMPILER_APPICON_NAME = AppIcon;
				ASSETCATALOG_COMPILER_GLOBAL_ACCENT_COLOR_NAME = AccentColor;
				CODE_SIGN_STYLE = Automatic;
				CURRENT_PROJECT_VERSION = 1;
				DEVELOPMENT_TEAM = H6Q7NMAZAW;
				GENERATE_INFOPLIST_FILE = YES;
				INFOPLIST_FILE = "Chat/Support files/Info.plist";
				INFOPLIST_KEY_UIApplicationSupportsIndirectInputEvents = YES;
				INFOPLIST_KEY_UILaunchStoryboardName = LaunchScreen;
				INFOPLIST_KEY_UISupportedInterfaceOrientations = "UIInterfaceOrientationPortrait UIInterfaceOrientationLandscapeLeft UIInterfaceOrientationLandscapeRight";
				INFOPLIST_KEY_UISupportedInterfaceOrientations_iPad = "UIInterfaceOrientationPortrait UIInterfaceOrientationPortraitUpsideDown UIInterfaceOrientationLandscapeLeft UIInterfaceOrientationLandscapeRight";
				INFOPLIST_KEY_UISupportedInterfaceOrientations_iPhone = "UIInterfaceOrientationPortrait UIInterfaceOrientationLandscapeLeft UIInterfaceOrientationLandscapeRight";
				LD_RUNPATH_SEARCH_PATHS = (
					"$(inherited)",
					"@executable_path/Frameworks",
				);
				MARKETING_VERSION = 1.0;
				PRODUCT_BUNDLE_IDENTIFIER = Anton.Prokopev.Chat;
				PRODUCT_NAME = "$(TARGET_NAME)";
				SWIFT_EMIT_LOC_STRINGS = YES;
				SWIFT_VERSION = 5.0;
				TARGETED_DEVICE_FAMILY = "1,2";
			};
			name = Release;
		};
/* End XCBuildConfiguration section */

/* Begin XCConfigurationList section */
		3AF9C7EB27F23CF800197244 /* Build configuration list for PBXProject "Chat" */ = {
			isa = XCConfigurationList;
			buildConfigurations = (
				3AF9C80227F23CFC00197244 /* Debug */,
				3AF9C80327F23CFC00197244 /* Release */,
			);
			defaultConfigurationIsVisible = 0;
			defaultConfigurationName = Release;
		};
		3AF9C80427F23CFD00197244 /* Build configuration list for PBXNativeTarget "Chat" */ = {
			isa = XCConfigurationList;
			buildConfigurations = (
				3AF9C80527F23CFD00197244 /* Debug */,
				3AF9C80627F23CFD00197244 /* Release */,
			);
			defaultConfigurationIsVisible = 0;
			defaultConfigurationName = Release;
		};
/* End XCConfigurationList section */
	};
	rootObject = 3AF9C7E827F23CF800197244 /* Project object */;
}
